
Microsoft Visual Studio Solution File, Format Version 12.00
# Visual Studio 15
VisualStudioVersion = 15.0.28010.2026
MinimumVisualStudioVersion = 10.0.40219.1
Project("{00D1A9C2-B5F0-4AF3-8072-F6C62B433612}") = "PersonkartotekDB", "PersonkartotekDB\PersonkartotekDB.sqlproj", "{997C7052-F640-4C96-B356-C94C8CFB505F}"
EndProject
Project("{FAE04EC0-301F-11D3-BF4B-00C04F79EFBC}") = "Personkartotek_cs", "..\Personkartotek_cs\Personkartotek_cs\Personkartotek_cs.csproj", "{92AC295F-22D7-4D59-9214-07A77B0082CD}"
EndProject
Global
	GlobalSection(SolutionConfigurationPlatforms) = preSolution
		Debug|Any CPU = Debug|Any CPU
		Release|Any CPU = Release|Any CPU
	EndGlobalSection
	GlobalSection(ProjectConfigurationPlatforms) = postSolution
		{997C7052-F640-4C96-B356-C94C8CFB505F}.Debug|Any CPU.ActiveCfg = Debug|Any CPU
		{997C7052-F640-4C96-B356-C94C8CFB505F}.Debug|Any CPU.Build.0 = Debug|Any CPU
		{997C7052-F640-4C96-B356-C94C8CFB505F}.Debug|Any CPU.Deploy.0 = Debug|Any CPU
		{997C7052-F640-4C96-B356-C94C8CFB505F}.Release|Any CPU.ActiveCfg = Release|Any CPU
		{997C7052-F640-4C96-B356-C94C8CFB505F}.Release|Any CPU.Build.0 = Release|Any CPU
		{997C7052-F640-4C96-B356-C94C8CFB505F}.Release|Any CPU.Deploy.0 = Release|Any CPU
		{92AC295F-22D7-4D59-9214-07A77B0082CD}.Debug|Any CPU.ActiveCfg = Debug|Any CPU
		{92AC295F-22D7-4D59-9214-07A77B0082CD}.Debug|Any CPU.Build.0 = Debug|Any CPU
		{92AC295F-22D7-4D59-9214-07A77B0082CD}.Release|Any CPU.ActiveCfg = Release|Any CPU
		{92AC295F-22D7-4D59-9214-07A77B0082CD}.Release|Any CPU.Build.0 = Release|Any CPU
	EndGlobalSection
	GlobalSection(SolutionProperties) = preSolution
		HideSolutionNode = FALSE
	EndGlobalSection
	GlobalSection(ExtensibilityGlobals) = postSolution
		SolutionGuid = {963E3378-34A5-4DA0-8747-903C0CFD8DD3}
	EndGlobalSection
EndGlobal
